schema: '2.0'
stages:
  data_ingestsion:
    cmd: python src\data_ingestion.py
    deps:
    - path: experiments\spam.csv
      hash: md5
      md5: f10885f3e274a202196a88cb8bb3e15e
      size: 499322
    - path: src\data_ingestion.py
      hash: md5
      md5: 31771d03de7d18d4b90ea37998976b17
      size: 4405
    params:
      params.yaml:
        data_ingestion.test_size: 0.25
    outs:
    - path: data/data_ingestion
      hash: md5
      md5: aded7eb9c3f5c42ccc08f3b94cc10e29.dir
      size: 484846
      nfiles: 2
  data_preprocessing:
    cmd: python src\data_preprocessing.py
    deps:
    - path: data/data_ingestion
      hash: md5
      md5: aded7eb9c3f5c42ccc08f3b94cc10e29.dir
      size: 484846
      nfiles: 2
    - path: src\data_preprocessing.py
      hash: md5
      md5: 14a6726f1af05c61839a7228d5fb472d
      size: 6125
    outs:
    - path: data/data_preprocessing
      hash: md5
      md5: 8d98d3bca5d7ab845bd45cc6ba1161a1.dir
      size: 690175
      nfiles: 2
  feature_engineering:
    cmd: python src\feature_engineering.py
    deps:
    - path: data/data_preprocessing
      hash: md5
      md5: 8d98d3bca5d7ab845bd45cc6ba1161a1.dir
      size: 690175
      nfiles: 2
    - path: src\feature_engineering.py
      hash: md5
      md5: d6036b70572ed834e937a1ed796d1e34
      size: 5369
    params:
      params.yaml:
        feature_engineering.max_features: 500
    outs:
    - path: data/feature_engineering
      hash: md5
      md5: 944caffdab35bd4c7b1650352696f1c4.dir
      size: 10958826
      nfiles: 2
  model_training:
    cmd: python src\model_training.py
    deps:
    - path: data/feature_engineering
      hash: md5
      md5: 944caffdab35bd4c7b1650352696f1c4.dir
      size: 10958826
      nfiles: 2
    - path: src\model_training.py
      hash: md5
      md5: a60fabebf51d731f7f9b49452b0ab1b9
      size: 4000
    params:
      params.yaml:
        model_training.n_estimators: 50
        model_training.random_state: 2
    outs:
    - path: model/model.pkl
      hash: md5
      md5: b3f29efbc081fa02c425e3a5cefeed5b
      size: 3364011
  model_evaluation:
    cmd: python src\model_evaluation.py
    deps:
    - path: data/feature_engineering
      hash: md5
      md5: 944caffdab35bd4c7b1650352696f1c4.dir
      size: 10958826
      nfiles: 2
    - path: model/model.pkl
      hash: md5
      md5: b3f29efbc081fa02c425e3a5cefeed5b
      size: 3364011
    - path: src\model_evaluation.py
      hash: md5
      md5: a4e1283addc781d73cfd9fcbedd5a96e
      size: 4979
    outs:
    - path: reports/metrics_data.json
      hash: md5
      md5: ec84e83fe15a25570435716bfa9abef4
      size: 130
